<?xml version="1.0" encoding="utf-8"?>
<Project ToolsVersion="4.0" xmlns="http://schemas.microsoft.com/developer/msbuild/2003">
  <ItemGroup>
    <Filter Include="2D FrameWork">
      <UniqueIdentifier>{cbff90dc-5004-4d04-8411-44903df4b1a5}</UniqueIdentifier>
    </Filter>
    <Filter Include="2D FrameWork\PCH">
      <UniqueIdentifier>{b7bd2ee2-4beb-4068-9eae-38e29cfa2e46}</UniqueIdentifier>
    </Filter>
    <Filter Include="2D FrameWork\DesignPattern">
      <UniqueIdentifier>{e38fec4b-5bb8-4bb2-90f4-25e98a46106e}</UniqueIdentifier>
    </Filter>
    <Filter Include="2D FrameWork\DesignPattern\Singleton">
      <UniqueIdentifier>{be1be14e-13eb-4f64-96ff-a0da8b94e038}</UniqueIdentifier>
    </Filter>
    <Filter Include="2D FrameWork\Utility">
      <UniqueIdentifier>{cec31e99-d99c-4839-a1f6-3a23e8a2100b}</UniqueIdentifier>
    </Filter>
    <Filter Include="2D FrameWork\Utility\Math">
      <UniqueIdentifier>{5ceddc8e-5eb9-402d-bbe1-1923cba7aa64}</UniqueIdentifier>
    </Filter>
    <Filter Include="2D FrameWork\GameCore">
      <UniqueIdentifier>{f75cde8e-7eb8-4097-99d2-8321e065a04c}</UniqueIdentifier>
    </Filter>
    <Filter Include="ManagerClass">
      <UniqueIdentifier>{3a06cccf-ecec-4ca4-817f-e235cf9cd36c}</UniqueIdentifier>
    </Filter>
    <Filter Include="Report">
      <UniqueIdentifier>{3dad0817-d3ce-48ef-b2ce-27e0d74312af}</UniqueIdentifier>
    </Filter>
    <Filter Include="2D FrameWork\FrameWorkManager">
      <UniqueIdentifier>{be83ef17-f588-49a1-bb73-f6ed6944ff08}</UniqueIdentifier>
    </Filter>
    <Filter Include="Report\WinAPI_Report_06 %28짝맞추기%29">
      <UniqueIdentifier>{15a7a2e5-24ed-4eb5-87d6-f20d8fa45273}</UniqueIdentifier>
    </Filter>
    <Filter Include="Report\WinAPI_Report_06 %28짝맞추기%29\ManagerClass">
      <UniqueIdentifier>{06f22940-99e5-4a98-924b-02d3fcb265e2}</UniqueIdentifier>
    </Filter>
    <Filter Include="Report\WinAPI_Report_06 %28짝맞추기%29\ObjectClass">
      <UniqueIdentifier>{526689c9-35ed-4134-8e43-3815373cab7a}</UniqueIdentifier>
    </Filter>
    <Filter Include="Report\WinAPI_Report_08 %28클레이 사격%29">
      <UniqueIdentifier>{0a7a3ef0-9c54-4f4f-95c3-0c38709228fd}</UniqueIdentifier>
    </Filter>
    <Filter Include="Report\WinAPI_Report_07 %28두더지 게임%29">
      <UniqueIdentifier>{3f656c4b-7c0e-422f-83b1-d693d63d21b8}</UniqueIdentifier>
    </Filter>
    <Filter Include="Report\WinAPI_Report_07 %28두더지 게임%29\ManagerClass">
      <UniqueIdentifier>{bea5f404-d085-4576-b563-b9cd12acd804}</UniqueIdentifier>
    </Filter>
    <Filter Include="Report\WinAPI_Report_07 %28두더지 게임%29\ObjectClass">
      <UniqueIdentifier>{3e19df22-91d4-4339-b5bc-108665fcdece}</UniqueIdentifier>
    </Filter>
    <Filter Include="Report\WinAPI_Report_08 %28클레이 사격%29\ManagerClass">
      <UniqueIdentifier>{fb7537e5-092e-43bf-9e6d-4d593ed74ab1}</UniqueIdentifier>
    </Filter>
    <Filter Include="Report\WinAPI_Report_08 %28클레이 사격%29\ObjectClass">
      <UniqueIdentifier>{b85e65ca-d765-49da-8162-fc0fb537f8a9}</UniqueIdentifier>
    </Filter>
  </ItemGroup>
  <ItemGroup>
    <ClInclude Include="Stdafx.h">
      <Filter>2D FrameWork\PCH</Filter>
    </ClInclude>
    <ClInclude Include="C3DMatrix.h">
      <Filter>2D FrameWork\Utility\Math</Filter>
    </ClInclude>
    <ClInclude Include="C3DVector.h">
      <Filter>2D FrameWork\Utility\Math</Filter>
    </ClInclude>
    <ClInclude Include="CommonMacroFunction.h">
      <Filter>2D FrameWork\Utility</Filter>
    </ClInclude>
    <ClInclude Include="SingletonBase.h">
      <Filter>2D FrameWork\DesignPattern\Singleton</Filter>
    </ClInclude>
    <ClInclude Include="RandomFunction.h">
      <Filter>2D FrameWork\Utility</Filter>
    </ClInclude>
    <ClInclude Include="GameNode.h">
      <Filter>2D FrameWork\GameCore</Filter>
    </ClInclude>
    <ClInclude Include="IWindowMessageHandler.h">
      <Filter>2D FrameWork\Utility</Filter>
    </ClInclude>
    <ClInclude Include="MainGame.h">
      <Filter>ManagerClass</Filter>
    </ClInclude>
    <ClInclude Include="Report_06_MainGame.h">
      <Filter>Report\WinAPI_Report_06 %28짝맞추기%29\ManagerClass</Filter>
    </ClInclude>
    <ClInclude Include="Card.h">
      <Filter>Report\WinAPI_Report_06 %28짝맞추기%29\ObjectClass</Filter>
    </ClInclude>
    <ClInclude Include="KeyManager.h">
      <Filter>ManagerClass</Filter>
    </ClInclude>
    <ClInclude Include="MouseManager.h">
      <Filter>ManagerClass</Filter>
    </ClInclude>
    <ClInclude Include="Report_07_MainGame.h">
      <Filter>Report\WinAPI_Report_07 %28두더지 게임%29\ManagerClass</Filter>
    </ClInclude>
    <ClInclude Include="Mole.h">
      <Filter>Report\WinAPI_Report_07 %28두더지 게임%29\ObjectClass</Filter>
    </ClInclude>
    <ClInclude Include="Report_08_MainGame.h">
      <Filter>Report\WinAPI_Report_08 %28클레이 사격%29\ManagerClass</Filter>
    </ClInclude>
    <ClInclude Include="Target.h">
      <Filter>Report\WinAPI_Report_08 %28클레이 사격%29\ObjectClass</Filter>
    </ClInclude>
  </ItemGroup>
  <ItemGroup>
    <ClCompile Include="WinAPI_Report_01.cpp">
      <Filter>Report</Filter>
    </ClCompile>
    <ClCompile Include="WinAPI_Report_02.cpp">
      <Filter>Report</Filter>
    </ClCompile>
    <ClCompile Include="Stdafx.cpp">
      <Filter>2D FrameWork\PCH</Filter>
    </ClCompile>
    <ClCompile Include="C3DMatrix.cpp">
      <Filter>2D FrameWork\Utility\Math</Filter>
    </ClCompile>
    <ClCompile Include="C3DVector.cpp">
      <Filter>2D FrameWork\Utility\Math</Filter>
    </ClCompile>
    <ClCompile Include="WinAPI.cpp">
      <Filter>2D FrameWork</Filter>
    </ClCompile>
    <ClCompile Include="WinAPITimeAttack.cpp">
      <Filter>Report</Filter>
    </ClCompile>
    <ClCompile Include="WinAPI_Report_03.cpp">
      <Filter>Report</Filter>
    </ClCompile>
    <ClCompile Include="WinAPI_Report_04.cpp">
      <Filter>Report</Filter>
    </ClCompile>
    <ClCompile Include="WinAPI_Report_05.cpp">
      <Filter>Report</Filter>
    </ClCompile>
    <ClCompile Include="GameNode.cpp">
      <Filter>2D FrameWork\GameCore</Filter>
    </ClCompile>
    <ClCompile Include="IWindowMessageHandler.cpp">
      <Filter>2D FrameWork\Utility</Filter>
    </ClCompile>
    <ClCompile Include="MainGame.cpp">
      <Filter>ManagerClass</Filter>
    </ClCompile>
    <ClCompile Include="Report_06_Main.cpp">
      <Filter>Report\WinAPI_Report_06 %28짝맞추기%29</Filter>
    </ClCompile>
    <ClCompile Include="Report_06_MainGame.cpp">
      <Filter>Report\WinAPI_Report_06 %28짝맞추기%29\ManagerClass</Filter>
    </ClCompile>
    <ClCompile Include="Card.cpp">
      <Filter>Report\WinAPI_Report_06 %28짝맞추기%29\ObjectClass</Filter>
    </ClCompile>
    <ClCompile Include="KeyManager.cpp">
      <Filter>ManagerClass</Filter>
    </ClCompile>
    <ClCompile Include="MouseManager.cpp">
      <Filter>ManagerClass</Filter>
    </ClCompile>
    <ClCompile Include="Report_07_Main.cpp">
      <Filter>Report\WinAPI_Report_07 %28두더지 게임%29</Filter>
    </ClCompile>
    <ClCompile Include="Report_07_MainGame.cpp">
      <Filter>Report\WinAPI_Report_07 %28두더지 게임%29\ManagerClass</Filter>
    </ClCompile>
    <ClCompile Include="Mole.cpp">
      <Filter>Report\WinAPI_Report_07 %28두더지 게임%29\ObjectClass</Filter>
    </ClCompile>
    <ClCompile Include="Report_08_Main.cpp">
      <Filter>Report\WinAPI_Report_08 %28클레이 사격%29</Filter>
    </ClCompile>
    <ClCompile Include="Report_08_MainGame.cpp">
      <Filter>Report\WinAPI_Report_08 %28클레이 사격%29\ManagerClass</Filter>
    </ClCompile>
    <ClCompile Include="Target.cpp">
      <Filter>Report\WinAPI_Report_08 %28클레이 사격%29\ObjectClass</Filter>
    </ClCompile>
  </ItemGroup>
</Project>