<?xml version="1.0" encoding="utf-8"?>
<Project ToolsVersion="4.0" xmlns="http://schemas.microsoft.com/developer/msbuild/2003">
  <ItemGroup>
    <Filter Include="2D FrameWork">
      <UniqueIdentifier>{cbff90dc-5004-4d04-8411-44903df4b1a5}</UniqueIdentifier>
    </Filter>
    <Filter Include="2D FrameWork\PCH">
      <UniqueIdentifier>{b7bd2ee2-4beb-4068-9eae-38e29cfa2e46}</UniqueIdentifier>
    </Filter>
    <Filter Include="2D FrameWork\DesignPattern">
      <UniqueIdentifier>{e38fec4b-5bb8-4bb2-90f4-25e98a46106e}</UniqueIdentifier>
    </Filter>
    <Filter Include="2D FrameWork\DesignPattern\Singleton">
      <UniqueIdentifier>{be1be14e-13eb-4f64-96ff-a0da8b94e038}</UniqueIdentifier>
    </Filter>
    <Filter Include="2D FrameWork\Utility">
      <UniqueIdentifier>{cec31e99-d99c-4839-a1f6-3a23e8a2100b}</UniqueIdentifier>
    </Filter>
    <Filter Include="2D FrameWork\Utility\Math">
      <UniqueIdentifier>{5ceddc8e-5eb9-402d-bbe1-1923cba7aa64}</UniqueIdentifier>
    </Filter>
    <Filter Include="2D FrameWork\GameCore">
      <UniqueIdentifier>{f75cde8e-7eb8-4097-99d2-8321e065a04c}</UniqueIdentifier>
    </Filter>
    <Filter Include="ManagerClass">
      <UniqueIdentifier>{3a06cccf-ecec-4ca4-817f-e235cf9cd36c}</UniqueIdentifier>
    </Filter>
    <Filter Include="Report">
      <UniqueIdentifier>{3dad0817-d3ce-48ef-b2ce-27e0d74312af}</UniqueIdentifier>
    </Filter>
    <Filter Include="2D FrameWork\FrameWorkManager">
      <UniqueIdentifier>{be83ef17-f588-49a1-bb73-f6ed6944ff08}</UniqueIdentifier>
    </Filter>
    <Filter Include="Report\ManagerClass">
      <UniqueIdentifier>{100bffa7-cf29-49f6-a30e-efbf4a69bb15}</UniqueIdentifier>
    </Filter>
    <Filter Include="2D FrameWork\StudyExample">
      <UniqueIdentifier>{2829c3e6-84db-4b42-aab0-1bfceb634b7c}</UniqueIdentifier>
    </Filter>
    <Filter Include="Report\Report_01~05">
      <UniqueIdentifier>{94322797-64b6-4b74-933f-bc1d7e89bddb}</UniqueIdentifier>
    </Filter>
    <Filter Include="Report\Report_06 %28짝맞추기%29">
      <UniqueIdentifier>{15a7a2e5-24ed-4eb5-87d6-f20d8fa45273}</UniqueIdentifier>
    </Filter>
    <Filter Include="Report\Report_07 %28두더지 게임%29">
      <UniqueIdentifier>{3f656c4b-7c0e-422f-83b1-d693d63d21b8}</UniqueIdentifier>
    </Filter>
    <Filter Include="Report\Report_08 %28클레이 사격%29">
      <UniqueIdentifier>{0a7a3ef0-9c54-4f4f-95c3-0c38709228fd}</UniqueIdentifier>
    </Filter>
    <Filter Include="Report\Report_09 %28똥피하기%29">
      <UniqueIdentifier>{3d08c448-82da-4dff-a679-fcc5d0687c07}</UniqueIdentifier>
    </Filter>
    <Filter Include="Report\Report_10 %28총알 발사%29">
      <UniqueIdentifier>{e29e7569-e8e7-459f-90cc-d58796e67082}</UniqueIdentifier>
    </Filter>
    <Filter Include="Report\Report_11 %28악어이빨 게임%29">
      <UniqueIdentifier>{8bc641b0-d9cf-465d-94a1-39ccbe7126b2}</UniqueIdentifier>
    </Filter>
    <Filter Include="Report\Report_12 %28종스크롤 슈팅 게임%29">
      <UniqueIdentifier>{84b9e28f-3090-41e8-bda7-801ccf9beaaf}</UniqueIdentifier>
    </Filter>
    <Filter Include="Report\Report_13 %28횡스크롤 슈팅 게임%29">
      <UniqueIdentifier>{1f1cbe68-c975-4faf-98a8-1eaf18e67849}</UniqueIdentifier>
    </Filter>
    <Filter Include="Report\Report_14 %28두더지 게임 - 이미지%29">
      <UniqueIdentifier>{164e880a-f5b5-4f69-8221-a85221e22e75}</UniqueIdentifier>
    </Filter>
    <Filter Include="Report\Report_15 %28삼각함수%29">
      <UniqueIdentifier>{c1aa4118-510c-45db-8762-6057b9e87941}</UniqueIdentifier>
    </Filter>
  </ItemGroup>
  <ItemGroup>
    <ClInclude Include="Stdafx.h">
      <Filter>2D FrameWork\PCH</Filter>
    </ClInclude>
    <ClInclude Include="C3DMatrix.h">
      <Filter>2D FrameWork\Utility\Math</Filter>
    </ClInclude>
    <ClInclude Include="C3DVector.h">
      <Filter>2D FrameWork\Utility\Math</Filter>
    </ClInclude>
    <ClInclude Include="CommonMacroFunction.h">
      <Filter>2D FrameWork\Utility</Filter>
    </ClInclude>
    <ClInclude Include="SingletonBase.h">
      <Filter>2D FrameWork\DesignPattern\Singleton</Filter>
    </ClInclude>
    <ClInclude Include="RandomFunction.h">
      <Filter>2D FrameWork\Utility</Filter>
    </ClInclude>
    <ClInclude Include="GameNode.h">
      <Filter>2D FrameWork\GameCore</Filter>
    </ClInclude>
    <ClInclude Include="IWindowMessageHandler.h">
      <Filter>2D FrameWork\Utility</Filter>
    </ClInclude>
    <ClInclude Include="MainGame.h">
      <Filter>ManagerClass</Filter>
    </ClInclude>
    <ClInclude Include="KeyManager.h">
      <Filter>ManagerClass</Filter>
    </ClInclude>
    <ClInclude Include="Report_CardMatch.h">
      <Filter>Report\Report_06 %28짝맞추기%29</Filter>
    </ClInclude>
    <ClInclude Include="Card.h">
      <Filter>Report\Report_06 %28짝맞추기%29</Filter>
    </ClInclude>
    <ClInclude Include="Report_Mole.h">
      <Filter>Report\Report_07 %28두더지 게임%29</Filter>
    </ClInclude>
    <ClInclude Include="Mole.h">
      <Filter>Report\Report_07 %28두더지 게임%29</Filter>
    </ClInclude>
    <ClInclude Include="Report_ClayShooting.h">
      <Filter>Report\Report_08 %28클레이 사격%29</Filter>
    </ClInclude>
    <ClInclude Include="Target.h">
      <Filter>Report\Report_08 %28클레이 사격%29</Filter>
    </ClInclude>
    <ClInclude Include="Report_Avoid.h">
      <Filter>Report\Report_09 %28똥피하기%29</Filter>
    </ClInclude>
    <ClInclude Include="Report_BulletShooting.h">
      <Filter>Report\Report_10 %28총알 발사%29</Filter>
    </ClInclude>
    <ClInclude Include="Report_MainGame.h">
      <Filter>Report\ManagerClass</Filter>
    </ClInclude>
    <ClInclude Include="Report_Crocodile.h">
      <Filter>Report\Report_11 %28악어이빨 게임%29</Filter>
    </ClInclude>
    <ClInclude Include="Report_Vertical_Shooting.h">
      <Filter>Report\Report_12 %28종스크롤 슈팅 게임%29</Filter>
    </ClInclude>
    <ClInclude Include="Report_Horizontal_Shooting.h">
      <Filter>Report\Report_13 %28횡스크롤 슈팅 게임%29</Filter>
    </ClInclude>
    <ClInclude Include="GImage.h" />
    <ClInclude Include="Example_Mole.h">
      <Filter>2D FrameWork\StudyExample</Filter>
    </ClInclude>
    <ClInclude Include="Example_Bullet.h">
      <Filter>2D FrameWork\StudyExample</Filter>
    </ClInclude>
    <ClInclude Include="resource.h" />
    <ClInclude Include="Example_Image.h">
      <Filter>2D FrameWork\StudyExample</Filter>
    </ClInclude>
    <ClInclude Include="Report_Mole_Image.h">
      <Filter>Report\Report_14 %28두더지 게임 - 이미지%29</Filter>
    </ClInclude>
    <ClInclude Include="Example_Math.h">
      <Filter>2D FrameWork\StudyExample</Filter>
    </ClInclude>
    <ClInclude Include="Report_15_1_MainGame.h">
      <Filter>Report\Report_15 %28삼각함수%29</Filter>
    </ClInclude>
    <ClInclude Include="Report_15_2_MainGame.h">
      <Filter>Report\Report_15 %28삼각함수%29</Filter>
    </ClInclude>
    <ClInclude Include="Report_15_3_MainGame.h">
      <Filter>Report\Report_15 %28삼각함수%29</Filter>
    </ClInclude>
  </ItemGroup>
  <ItemGroup>
    <ClCompile Include="Stdafx.cpp">
      <Filter>2D FrameWork\PCH</Filter>
    </ClCompile>
    <ClCompile Include="C3DMatrix.cpp">
      <Filter>2D FrameWork\Utility\Math</Filter>
    </ClCompile>
    <ClCompile Include="C3DVector.cpp">
      <Filter>2D FrameWork\Utility\Math</Filter>
    </ClCompile>
    <ClCompile Include="WinAPI.cpp">
      <Filter>2D FrameWork</Filter>
    </ClCompile>
    <ClCompile Include="GameNode.cpp">
      <Filter>2D FrameWork\GameCore</Filter>
    </ClCompile>
    <ClCompile Include="IWindowMessageHandler.cpp">
      <Filter>2D FrameWork\Utility</Filter>
    </ClCompile>
    <ClCompile Include="MainGame.cpp">
      <Filter>ManagerClass</Filter>
    </ClCompile>
    <ClCompile Include="KeyManager.cpp">
      <Filter>ManagerClass</Filter>
    </ClCompile>
    <ClCompile Include="Report_Main.cpp">
      <Filter>Report</Filter>
    </ClCompile>
    <ClCompile Include="Report_CardMatch.cpp">
      <Filter>Report\Report_06 %28짝맞추기%29</Filter>
    </ClCompile>
    <ClCompile Include="Card.cpp">
      <Filter>Report\Report_06 %28짝맞추기%29</Filter>
    </ClCompile>
    <ClCompile Include="Report_Mole.cpp">
      <Filter>Report\Report_07 %28두더지 게임%29</Filter>
    </ClCompile>
    <ClCompile Include="Mole.cpp">
      <Filter>Report\Report_07 %28두더지 게임%29</Filter>
    </ClCompile>
    <ClCompile Include="Report_ClayShooting.cpp">
      <Filter>Report\Report_08 %28클레이 사격%29</Filter>
    </ClCompile>
    <ClCompile Include="Target.cpp">
      <Filter>Report\Report_08 %28클레이 사격%29</Filter>
    </ClCompile>
    <ClCompile Include="Report_Avoid.cpp">
      <Filter>Report\Report_09 %28똥피하기%29</Filter>
    </ClCompile>
    <ClCompile Include="Report_BulletShootingh.cpp">
      <Filter>Report\Report_10 %28총알 발사%29</Filter>
    </ClCompile>
    <ClCompile Include="Report_MainGame.cpp">
      <Filter>Report\ManagerClass</Filter>
    </ClCompile>
    <ClCompile Include="Report_Crocodile.cpp">
      <Filter>Report\Report_11 %28악어이빨 게임%29</Filter>
    </ClCompile>
    <ClCompile Include="Report_Vertical_Shooting.cpp">
      <Filter>Report\Report_12 %28종스크롤 슈팅 게임%29</Filter>
    </ClCompile>
    <ClCompile Include="Report_Horizontal_Shooting.cpp">
      <Filter>Report\Report_13 %28횡스크롤 슈팅 게임%29</Filter>
    </ClCompile>
    <ClCompile Include="GImage.cpp" />
    <ClCompile Include="Example_Mole.cpp">
      <Filter>2D FrameWork\StudyExample</Filter>
    </ClCompile>
    <ClCompile Include="Example_Bullet.cpp">
      <Filter>2D FrameWork\StudyExample</Filter>
    </ClCompile>
    <ClCompile Include="Example_Image.cpp">
      <Filter>2D FrameWork\StudyExample</Filter>
    </ClCompile>
    <ClCompile Include="WinAPI_Report_01.cpp">
      <Filter>Report\Report_01~05</Filter>
    </ClCompile>
    <ClCompile Include="WinAPI_Report_02.cpp">
      <Filter>Report\Report_01~05</Filter>
    </ClCompile>
    <ClCompile Include="WinAPI_Report_03.cpp">
      <Filter>Report\Report_01~05</Filter>
    </ClCompile>
    <ClCompile Include="WinAPI_Report_04.cpp">
      <Filter>Report\Report_01~05</Filter>
    </ClCompile>
    <ClCompile Include="WinAPI_Report_05.cpp">
      <Filter>Report\Report_01~05</Filter>
    </ClCompile>
    <ClCompile Include="WinAPITimeAttack.cpp">
      <Filter>Report\Report_01~05</Filter>
    </ClCompile>
    <ClCompile Include="Report_Mole_Image.cpp">
      <Filter>Report\Report_14 %28두더지 게임 - 이미지%29</Filter>
    </ClCompile>
    <ClCompile Include="Mole_Image_Main.cpp">
      <Filter>Report\Report_14 %28두더지 게임 - 이미지%29</Filter>
    </ClCompile>
    <ClCompile Include="Example_Math.cpp">
      <Filter>2D FrameWork\StudyExample</Filter>
    </ClCompile>
    <ClCompile Include="Report_15_Main.cpp">
      <Filter>Report\Report_15 %28삼각함수%29</Filter>
    </ClCompile>
    <ClCompile Include="Report_15_1_MainGame.cpp">
      <Filter>Report\Report_15 %28삼각함수%29</Filter>
    </ClCompile>
    <ClCompile Include="Report_15_2_MainGame.cpp">
      <Filter>Report\Report_15 %28삼각함수%29</Filter>
    </ClCompile>
    <ClCompile Include="Report_15_3_MainGame.cpp">
      <Filter>Report\Report_15 %28삼각함수%29</Filter>
    </ClCompile>
  </ItemGroup>
  <ItemGroup>
    <ResourceCompile Include="WinAPI.rc" />
  </ItemGroup>
</Project>