<?xml version="1.0" encoding="utf-8"?>
<Project ToolsVersion="4.0" xmlns="http://schemas.microsoft.com/developer/msbuild/2003">
  <ItemGroup>
    <Filter Include="2D FrameWork">
      <UniqueIdentifier>{cbff90dc-5004-4d04-8411-44903df4b1a5}</UniqueIdentifier>
    </Filter>
    <Filter Include="2D FrameWork\DesignPattern">
      <UniqueIdentifier>{e38fec4b-5bb8-4bb2-90f4-25e98a46106e}</UniqueIdentifier>
    </Filter>
    <Filter Include="2D FrameWork\DesignPattern\Singleton">
      <UniqueIdentifier>{be1be14e-13eb-4f64-96ff-a0da8b94e038}</UniqueIdentifier>
    </Filter>
    <Filter Include="2D FrameWork\Utility">
      <UniqueIdentifier>{cec31e99-d99c-4839-a1f6-3a23e8a2100b}</UniqueIdentifier>
    </Filter>
    <Filter Include="2D FrameWork\Utility\Math">
      <UniqueIdentifier>{5ceddc8e-5eb9-402d-bbe1-1923cba7aa64}</UniqueIdentifier>
    </Filter>
    <Filter Include="2D FrameWork\GameCore">
      <UniqueIdentifier>{f75cde8e-7eb8-4097-99d2-8321e065a04c}</UniqueIdentifier>
    </Filter>
    <Filter Include="ManagerClass">
      <UniqueIdentifier>{3a06cccf-ecec-4ca4-817f-e235cf9cd36c}</UniqueIdentifier>
    </Filter>
    <Filter Include="Report">
      <UniqueIdentifier>{3dad0817-d3ce-48ef-b2ce-27e0d74312af}</UniqueIdentifier>
    </Filter>
    <Filter Include="2D FrameWork\FrameWorkManager">
      <UniqueIdentifier>{be83ef17-f588-49a1-bb73-f6ed6944ff08}</UniqueIdentifier>
    </Filter>
    <Filter Include="Report\Report_06 %28짝맞추기%29">
      <UniqueIdentifier>{15a7a2e5-24ed-4eb5-87d6-f20d8fa45273}</UniqueIdentifier>
    </Filter>
    <Filter Include="Report\Report_07 %28두더지 게임%29">
      <UniqueIdentifier>{3f656c4b-7c0e-422f-83b1-d693d63d21b8}</UniqueIdentifier>
    </Filter>
    <Filter Include="Report\Report_08 %28클레이 사격%29">
      <UniqueIdentifier>{0a7a3ef0-9c54-4f4f-95c3-0c38709228fd}</UniqueIdentifier>
    </Filter>
    <Filter Include="Report\Report_09 %28똥피하기%29">
      <UniqueIdentifier>{3d08c448-82da-4dff-a679-fcc5d0687c07}</UniqueIdentifier>
    </Filter>
    <Filter Include="Report\Report_10 %28총알 발사%29">
      <UniqueIdentifier>{e29e7569-e8e7-459f-90cc-d58796e67082}</UniqueIdentifier>
    </Filter>
    <Filter Include="Report\Report_11 %28악어이빨 게임%29">
      <UniqueIdentifier>{8bc641b0-d9cf-465d-94a1-39ccbe7126b2}</UniqueIdentifier>
    </Filter>
    <Filter Include="Report\Report_12 %28종스크롤 슈팅 게임%29">
      <UniqueIdentifier>{84b9e28f-3090-41e8-bda7-801ccf9beaaf}</UniqueIdentifier>
    </Filter>
    <Filter Include="Report\Report_13 %28횡스크롤 슈팅 게임%29">
      <UniqueIdentifier>{1f1cbe68-c975-4faf-98a8-1eaf18e67849}</UniqueIdentifier>
    </Filter>
    <Filter Include="Report\Report_14 %28두더지 게임 - 이미지%29">
      <UniqueIdentifier>{164e880a-f5b5-4f69-8221-a85221e22e75}</UniqueIdentifier>
    </Filter>
    <Filter Include="Report\Report_15 %28삼각함수%29">
      <UniqueIdentifier>{c1aa4118-510c-45db-8762-6057b9e87941}</UniqueIdentifier>
    </Filter>
    <Filter Include="2D FrameWork\GImage">
      <UniqueIdentifier>{93e43a0a-8438-4358-a299-12342bc6c5e2}</UniqueIdentifier>
    </Filter>
    <Filter Include="Report\Report_16 %28알파 블렌딩%29">
      <UniqueIdentifier>{a903024c-65fb-4b50-b89f-f79cbef3187d}</UniqueIdentifier>
    </Filter>
    <Filter Include="2D FrameWork\StudyExample">
      <UniqueIdentifier>{2829c3e6-84db-4b42-aab0-1bfceb634b7c}</UniqueIdentifier>
    </Filter>
    <Filter Include="Report\Report_17 %28프레임 이미지%29">
      <UniqueIdentifier>{0226d98a-b48f-476b-a471-90444d0ebdcd}</UniqueIdentifier>
    </Filter>
    <Filter Include="Report\Report_18 %28캐릭터 벽잡기%29">
      <UniqueIdentifier>{155f879d-c726-4763-8db4-173916538382}</UniqueIdentifier>
    </Filter>
    <Filter Include="Report\Report_19 %28레이싱 게임%29">
      <UniqueIdentifier>{0acfd9a2-926b-4149-ad11-362847f97959}</UniqueIdentifier>
    </Filter>
    <Filter Include="2D FrameWork\PCH">
      <UniqueIdentifier>{b7bd2ee2-4beb-4068-9eae-38e29cfa2e46}</UniqueIdentifier>
    </Filter>
    <Filter Include="Report\Report_20 %28블랙홀%29">
      <UniqueIdentifier>{5b2b6038-ec4a-482d-9aa7-7021101fe711}</UniqueIdentifier>
    </Filter>
    <Filter Include="2D FrameWork\StudyExample\총알발사">
      <UniqueIdentifier>{b671c7d8-4624-4057-94cb-3b4e0818d226}</UniqueIdentifier>
    </Filter>
    <Filter Include="2D FrameWork\StudyExample\두더지 잡기">
      <UniqueIdentifier>{3876da2f-92f6-4576-a222-615aa076b9f1}</UniqueIdentifier>
    </Filter>
    <Filter Include="2D FrameWork\StudyExample\삼각함수">
      <UniqueIdentifier>{ca0c8d35-1e0a-4b33-a02f-622c367c1983}</UniqueIdentifier>
    </Filter>
    <Filter Include="2D FrameWork\StudyExample\이미지 출력">
      <UniqueIdentifier>{3138536f-df63-4ab2-bed8-55da9983e7b9}</UniqueIdentifier>
    </Filter>
    <Filter Include="2D FrameWork\StudyExample\프레임 이미지">
      <UniqueIdentifier>{5f1f4390-af5a-490d-82ff-b4f26bbea364}</UniqueIdentifier>
    </Filter>
    <Filter Include="2D FrameWork\StudyExample\클리핑 이미지">
      <UniqueIdentifier>{747bf8f1-81a7-4622-a2b5-8843bd7c2dd5}</UniqueIdentifier>
    </Filter>
    <Filter Include="2D FrameWork\StudyExample\씬 전환">
      <UniqueIdentifier>{b388b028-be9f-43fa-8337-794a850b32c5}</UniqueIdentifier>
    </Filter>
    <Filter Include="Report\Report_21 %28공격 및 방어%29">
      <UniqueIdentifier>{e4e87c9f-53ad-48d3-96f4-b8db2b4921e8}</UniqueIdentifier>
    </Filter>
    <Filter Include="2D FrameWork\FrameWorkManager\ImageManager">
      <UniqueIdentifier>{779870a3-3905-4710-bce4-a759c4420159}</UniqueIdentifier>
    </Filter>
    <Filter Include="2D FrameWork\FrameWorkManager\FontManager">
      <UniqueIdentifier>{74363a01-f4bb-4eca-ba08-bcf3f79d346d}</UniqueIdentifier>
    </Filter>
    <Filter Include="Report\Report_01~05">
      <UniqueIdentifier>{94322797-64b6-4b74-933f-bc1d7e89bddb}</UniqueIdentifier>
    </Filter>
    <Filter Include="2D FrameWork\FrameWorkManager\SceneManager">
      <UniqueIdentifier>{a89325a0-6fad-4f67-845e-1b718d61409c}</UniqueIdentifier>
    </Filter>
    <Filter Include="2D FrameWork\FrameWorkManager\TempSoundManager">
      <UniqueIdentifier>{22d53eca-3a42-4bb0-96af-a9679135edb0}</UniqueIdentifier>
    </Filter>
    <Filter Include="2D FrameWork\StudyExample\사운드 출력">
      <UniqueIdentifier>{6ecb8c70-0e52-4a7f-b281-6b9844f9c5b8}</UniqueIdentifier>
    </Filter>
    <Filter Include="CodingInterview">
      <UniqueIdentifier>{cbf32c9d-50ed-4337-bfe9-f6f3245cf2cd}</UniqueIdentifier>
    </Filter>
    <Filter Include="2D FrameWork\StudyExample\슈팅게임">
      <UniqueIdentifier>{d468dc60-f7be-49b4-81f4-e09e02f7787b}</UniqueIdentifier>
    </Filter>
    <Filter Include="Report\Report_22 %283D Matrix%29">
      <UniqueIdentifier>{d8f6201a-0229-4685-be7d-952d519cf8c4}</UniqueIdentifier>
    </Filter>
    <Filter Include="Report\Report_23 %28타일맵%29">
      <UniqueIdentifier>{99b450e8-0306-46ef-8b68-e4d61c04eed8}</UniqueIdentifier>
    </Filter>
    <Filter Include="2D FrameWork\StudyExample\슈팅게임\Enemy">
      <UniqueIdentifier>{895f090b-d1bb-4d86-9ac8-248305f77ad1}</UniqueIdentifier>
    </Filter>
    <Filter Include="2D FrameWork\StudyExample\슈팅게임\Player">
      <UniqueIdentifier>{16cf4802-1ed9-4ab0-b342-0b6e7d8e9f20}</UniqueIdentifier>
    </Filter>
    <Filter Include="2D FrameWork\StudyExample\슈팅게임\Bullets">
      <UniqueIdentifier>{70502ba7-4f78-4dcc-8c23-f04ef7c7f5d2}</UniqueIdentifier>
    </Filter>
    <Filter Include="2D FrameWork\FrameWorkManager\TimeManager">
      <UniqueIdentifier>{87fc6dc9-6ead-4015-abd5-f022bb6e60c6}</UniqueIdentifier>
    </Filter>
    <Filter Include="2D FrameWork\FrameWorkManager\KeyManager">
      <UniqueIdentifier>{c741a027-6ef9-44fe-9da4-3564cac53fd2}</UniqueIdentifier>
    </Filter>
    <Filter Include="2D FrameWork\Scene">
      <UniqueIdentifier>{3b211cd0-55c4-4655-8929-d343a77100af}</UniqueIdentifier>
    </Filter>
    <Filter Include="2D FrameWork\StudyExample\루프 이미지">
      <UniqueIdentifier>{116c0746-4800-49c7-aaec-119c1309e94e}</UniqueIdentifier>
    </Filter>
    <Filter Include="2D FrameWork\StudyExample\텐가이">
      <UniqueIdentifier>{7cb8db70-81ce-45d4-b14a-6d6b4e421c9b}</UniqueIdentifier>
    </Filter>
    <Filter Include="2D FrameWork\ProgressBar">
      <UniqueIdentifier>{be73b423-3b22-40c1-83d9-8c52c85cd23f}</UniqueIdentifier>
    </Filter>
    <Filter Include="2D FrameWork\StudyExample\애니메이션">
      <UniqueIdentifier>{3fec9ab3-43a7-49ec-be58-a108aeb23cdd}</UniqueIdentifier>
    </Filter>
    <Filter Include="2D FrameWork\Animation">
      <UniqueIdentifier>{648d9e35-6bed-4cf9-aef1-5a09e68d6441}</UniqueIdentifier>
    </Filter>
    <Filter Include="2D FrameWork\Button">
      <UniqueIdentifier>{f2921da0-7a67-439a-a08c-ec6eb788fa61}</UniqueIdentifier>
    </Filter>
    <Filter Include="2D FrameWork\StudyExample\INI 데이터">
      <UniqueIdentifier>{31964f32-87d8-4d80-8985-8534f40a239a}</UniqueIdentifier>
    </Filter>
    <Filter Include="2D FrameWork\Data">
      <UniqueIdentifier>{10e41536-4c2d-40bd-be80-b0694edeb98a}</UniqueIdentifier>
    </Filter>
    <Filter Include="2D FrameWork\FrameWorkManager\SoundManager">
      <UniqueIdentifier>{786f658b-68b8-4c56-afbf-8d54b06d5186}</UniqueIdentifier>
    </Filter>
    <Filter Include="2D FrameWork\Data\INI">
      <UniqueIdentifier>{c2eca36e-67ba-4911-b5db-d2c8afed463d}</UniqueIdentifier>
    </Filter>
    <Filter Include="2D FrameWork\Data\Json">
      <UniqueIdentifier>{2333bf24-b868-4422-9b8f-ee12355a525b}</UniqueIdentifier>
    </Filter>
    <Filter Include="2D FrameWork\Data\Json\Schema">
      <UniqueIdentifier>{fb92ede5-e84e-4ae5-8a3d-7ba05c6d378c}</UniqueIdentifier>
    </Filter>
  </ItemGroup>
  <ItemGroup>
    <ClInclude Include="Stdafx.h">
      <Filter>2D FrameWork\PCH</Filter>
    </ClInclude>
    <ClInclude Include="C3DMatrix.h">
      <Filter>2D FrameWork\Utility\Math</Filter>
    </ClInclude>
    <ClInclude Include="C3DVector.h">
      <Filter>2D FrameWork\Utility\Math</Filter>
    </ClInclude>
    <ClInclude Include="CommonMacroFunction.h">
      <Filter>2D FrameWork\Utility</Filter>
    </ClInclude>
    <ClInclude Include="SingletonBase.h">
      <Filter>2D FrameWork\DesignPattern\Singleton</Filter>
    </ClInclude>
    <ClInclude Include="RandomFunction.h">
      <Filter>2D FrameWork\Utility</Filter>
    </ClInclude>
    <ClInclude Include="GameNode.h">
      <Filter>2D FrameWork\GameCore</Filter>
    </ClInclude>
    <ClInclude Include="IWindowMessageHandler.h">
      <Filter>2D FrameWork\Utility</Filter>
    </ClInclude>
    <ClInclude Include="Report_CardMatch.h">
      <Filter>Report\Report_06 %28짝맞추기%29</Filter>
    </ClInclude>
    <ClInclude Include="Card.h">
      <Filter>Report\Report_06 %28짝맞추기%29</Filter>
    </ClInclude>
    <ClInclude Include="Report_Mole.h">
      <Filter>Report\Report_07 %28두더지 게임%29</Filter>
    </ClInclude>
    <ClInclude Include="Mole.h">
      <Filter>Report\Report_07 %28두더지 게임%29</Filter>
    </ClInclude>
    <ClInclude Include="Report_ClayShooting.h">
      <Filter>Report\Report_08 %28클레이 사격%29</Filter>
    </ClInclude>
    <ClInclude Include="Target.h">
      <Filter>Report\Report_08 %28클레이 사격%29</Filter>
    </ClInclude>
    <ClInclude Include="Report_Avoid.h">
      <Filter>Report\Report_09 %28똥피하기%29</Filter>
    </ClInclude>
    <ClInclude Include="Report_BulletShooting.h">
      <Filter>Report\Report_10 %28총알 발사%29</Filter>
    </ClInclude>
    <ClInclude Include="Report_Crocodile.h">
      <Filter>Report\Report_11 %28악어이빨 게임%29</Filter>
    </ClInclude>
    <ClInclude Include="Report_Vertical_Shooting.h">
      <Filter>Report\Report_12 %28종스크롤 슈팅 게임%29</Filter>
    </ClInclude>
    <ClInclude Include="Report_Horizontal_Shooting.h">
      <Filter>Report\Report_13 %28횡스크롤 슈팅 게임%29</Filter>
    </ClInclude>
    <ClInclude Include="resource.h" />
    <ClInclude Include="Report_Mole_Image.h">
      <Filter>Report\Report_14 %28두더지 게임 - 이미지%29</Filter>
    </ClInclude>
    <ClInclude Include="Report_Analog_Clock.h">
      <Filter>Report\Report_15 %28삼각함수%29</Filter>
    </ClInclude>
    <ClInclude Include="Report_Shell_Fire.h">
      <Filter>Report\Report_15 %28삼각함수%29</Filter>
    </ClInclude>
    <ClInclude Include="Report_Bullet_Gravity.h">
      <Filter>Report\Report_15 %28삼각함수%29</Filter>
    </ClInclude>
    <ClInclude Include="GImage.h">
      <Filter>2D FrameWork\GImage</Filter>
    </ClInclude>
    <ClInclude Include="Report_Slice_Game.h">
      <Filter>Report\Report_16 %28알파 블렌딩%29</Filter>
    </ClInclude>
    <ClInclude Include="Report_Mini_Map.h">
      <Filter>Report\Report_16 %28알파 블렌딩%29</Filter>
    </ClInclude>
    <ClInclude Include="Report_Worm_Game.h">
      <Filter>Report\Report_16 %28알파 블렌딩%29</Filter>
    </ClInclude>
    <ClInclude Include="Report_Attack_Combo.h">
      <Filter>Report\Report_17 %28프레임 이미지%29</Filter>
    </ClInclude>
    <ClInclude Include="Report_Motion_Animation.h">
      <Filter>Report\Report_17 %28프레임 이미지%29</Filter>
    </ClInclude>
    <ClInclude Include="Report_Wall_Catch.h">
      <Filter>Report\Report_18 %28캐릭터 벽잡기%29</Filter>
    </ClInclude>
    <ClInclude Include="TitleScene.h">
      <Filter>2D FrameWork\Scene</Filter>
    </ClInclude>
    <ClInclude Include="Report_Racing_Game.h">
      <Filter>Report\Report_19 %28레이싱 게임%29</Filter>
    </ClInclude>
    <ClInclude Include="Report_Black_Hole.h">
      <Filter>Report\Report_20 %28블랙홀%29</Filter>
    </ClInclude>
    <ClInclude Include="Example_Bullet.h">
      <Filter>2D FrameWork\StudyExample\총알발사</Filter>
    </ClInclude>
    <ClInclude Include="Example_Mole.h">
      <Filter>2D FrameWork\StudyExample\두더지 잡기</Filter>
    </ClInclude>
    <ClInclude Include="Example_Math.h">
      <Filter>2D FrameWork\StudyExample\삼각함수</Filter>
    </ClInclude>
    <ClInclude Include="Example_Image.h">
      <Filter>2D FrameWork\StudyExample\이미지 출력</Filter>
    </ClInclude>
    <ClInclude Include="Example_FrameImage.h">
      <Filter>2D FrameWork\StudyExample\프레임 이미지</Filter>
    </ClInclude>
    <ClInclude Include="Example_Cliping.h">
      <Filter>2D FrameWork\StudyExample\클리핑 이미지</Filter>
    </ClInclude>
    <ClInclude Include="Example_Loop_Render.h">
      <Filter>2D FrameWork\StudyExample\루프 이미지</Filter>
    </ClInclude>
    <ClInclude Include="SecondScene.h">
      <Filter>2D FrameWork\StudyExample\씬 전환</Filter>
    </ClInclude>
    <ClInclude Include="StartScene.h">
      <Filter>2D FrameWork\StudyExample\씬 전환</Filter>
    </ClInclude>
    <ClInclude Include="Report_Attack_Defense.h">
      <Filter>Report\Report_21 %28공격 및 방어%29</Filter>
    </ClInclude>
    <ClInclude Include="ImageManager.h">
      <Filter>2D FrameWork\FrameWorkManager\ImageManager</Filter>
    </ClInclude>
    <ClInclude Include="FontManager.h">
      <Filter>2D FrameWork\FrameWorkManager\FontManager</Filter>
    </ClInclude>
    <ClInclude Include="SceneManager.h">
      <Filter>2D FrameWork\FrameWorkManager\SceneManager</Filter>
    </ClInclude>
    <ClInclude Include="TempSoundManager.h">
      <Filter>2D FrameWork\FrameWorkManager\TempSoundManager</Filter>
    </ClInclude>
    <ClInclude Include="Example_TempSound.h">
      <Filter>2D FrameWork\StudyExample\사운드 출력</Filter>
    </ClInclude>
    <ClInclude Include="Flame.h">
      <Filter>2D FrameWork\StudyExample\슈팅게임</Filter>
    </ClInclude>
    <ClInclude Include="Example_Shooting_Game.h">
      <Filter>2D FrameWork\StudyExample\슈팅게임</Filter>
    </ClInclude>
    <ClInclude Include="Report_3D_Matrix.h">
      <Filter>Report\Report_22 %283D Matrix%29</Filter>
    </ClInclude>
    <ClInclude Include="Rocket.h">
      <Filter>2D FrameWork\StudyExample\슈팅게임\Player</Filter>
    </ClInclude>
    <ClInclude Include="Utils.h">
      <Filter>2D FrameWork\Utility</Filter>
    </ClInclude>
    <ClInclude Include="Report_TileMap.h">
      <Filter>Report\Report_23 %28타일맵%29</Filter>
    </ClInclude>
    <ClInclude Include="KeyManager.h">
      <Filter>2D FrameWork\FrameWorkManager\KeyManager</Filter>
    </ClInclude>
    <ClInclude Include="Enemy.h">
      <Filter>2D FrameWork\StudyExample\슈팅게임\Enemy</Filter>
    </ClInclude>
    <ClInclude Include="EnemyManager.h">
      <Filter>2D FrameWork\StudyExample\슈팅게임\Enemy</Filter>
    </ClInclude>
    <ClInclude Include="Bullets.h">
      <Filter>2D FrameWork\StudyExample\슈팅게임\Bullets</Filter>
    </ClInclude>
    <ClInclude Include="Circle_Minion.h">
      <Filter>2D FrameWork\StudyExample\슈팅게임\Enemy</Filter>
    </ClInclude>
    <ClInclude Include="Curve_Minion.h">
      <Filter>2D FrameWork\StudyExample\슈팅게임\Enemy</Filter>
    </ClInclude>
    <ClInclude Include="Crush_Minion.h">
      <Filter>2D FrameWork\StudyExample\슈팅게임\Enemy</Filter>
    </ClInclude>
    <ClInclude Include="ShotMissile.h">
      <Filter>2D FrameWork\StudyExample\슈팅게임\Bullets</Filter>
    </ClInclude>
    <ClInclude Include="MiniRocket.h">
      <Filter>2D FrameWork\StudyExample\슈팅게임\Bullets</Filter>
    </ClInclude>
    <ClInclude Include="TimeManager.h">
      <Filter>2D FrameWork\FrameWorkManager\TimeManager</Filter>
    </ClInclude>
    <ClInclude Include="Timer.h">
      <Filter>2D FrameWork\FrameWorkManager\TimeManager</Filter>
    </ClInclude>
    <ClInclude Include="Example_Tengai.h">
      <Filter>2D FrameWork\StudyExample\텐가이</Filter>
    </ClInclude>
    <ClInclude Include="ProgressBar.h">
      <Filter>2D FrameWork\ProgressBar</Filter>
    </ClInclude>
    <ClInclude Include="Example_Animation.h">
      <Filter>2D FrameWork\StudyExample\애니메이션</Filter>
    </ClInclude>
    <ClInclude Include="Animation.h">
      <Filter>2D FrameWork\Animation</Filter>
    </ClInclude>
    <ClInclude Include="Scene.h">
      <Filter>2D FrameWork\FrameWorkManager\SceneManager</Filter>
    </ClInclude>
    <ClInclude Include="Button.h">
      <Filter>2D FrameWork\Button</Filter>
    </ClInclude>
    <ClInclude Include="Example_INIData.h">
      <Filter>2D FrameWork\StudyExample\INI 데이터</Filter>
    </ClInclude>
    <ClInclude Include="MainGame.h">
      <Filter>ManagerClass</Filter>
    </ClInclude>
    <ClInclude Include="SoundManager.h">
      <Filter>2D FrameWork\FrameWorkManager\SoundManager</Filter>
    </ClInclude>
    <ClInclude Include="INIData.h">
      <Filter>2D FrameWork\Data\INI</Filter>
    </ClInclude>
    <ClInclude Include="JsonSaveLoader.h">
      <Filter>2D FrameWork\Data\Json</Filter>
    </ClInclude>
  </ItemGroup>
  <ItemGroup>
    <ClCompile Include="C3DMatrix.cpp">
      <Filter>2D FrameWork\Utility\Math</Filter>
    </ClCompile>
    <ClCompile Include="C3DVector.cpp">
      <Filter>2D FrameWork\Utility\Math</Filter>
    </ClCompile>
    <ClCompile Include="WinAPI.cpp">
      <Filter>2D FrameWork</Filter>
    </ClCompile>
    <ClCompile Include="GameNode.cpp">
      <Filter>2D FrameWork\GameCore</Filter>
    </ClCompile>
    <ClCompile Include="IWindowMessageHandler.cpp">
      <Filter>2D FrameWork\Utility</Filter>
    </ClCompile>
    <ClCompile Include="MainGame.cpp">
      <Filter>ManagerClass</Filter>
    </ClCompile>
    <ClCompile Include="Report_CardMatch.cpp">
      <Filter>Report\Report_06 %28짝맞추기%29</Filter>
    </ClCompile>
    <ClCompile Include="Card.cpp">
      <Filter>Report\Report_06 %28짝맞추기%29</Filter>
    </ClCompile>
    <ClCompile Include="Report_Mole.cpp">
      <Filter>Report\Report_07 %28두더지 게임%29</Filter>
    </ClCompile>
    <ClCompile Include="Mole.cpp">
      <Filter>Report\Report_07 %28두더지 게임%29</Filter>
    </ClCompile>
    <ClCompile Include="Report_ClayShooting.cpp">
      <Filter>Report\Report_08 %28클레이 사격%29</Filter>
    </ClCompile>
    <ClCompile Include="Target.cpp">
      <Filter>Report\Report_08 %28클레이 사격%29</Filter>
    </ClCompile>
    <ClCompile Include="Report_Avoid.cpp">
      <Filter>Report\Report_09 %28똥피하기%29</Filter>
    </ClCompile>
    <ClCompile Include="Report_BulletShootingh.cpp">
      <Filter>Report\Report_10 %28총알 발사%29</Filter>
    </ClCompile>
    <ClCompile Include="Report_Crocodile.cpp">
      <Filter>Report\Report_11 %28악어이빨 게임%29</Filter>
    </ClCompile>
    <ClCompile Include="Report_Vertical_Shooting.cpp">
      <Filter>Report\Report_12 %28종스크롤 슈팅 게임%29</Filter>
    </ClCompile>
    <ClCompile Include="Report_Horizontal_Shooting.cpp">
      <Filter>Report\Report_13 %28횡스크롤 슈팅 게임%29</Filter>
    </ClCompile>
    <ClCompile Include="WinAPI_Report_01.cpp">
      <Filter>Report\Report_01~05</Filter>
    </ClCompile>
    <ClCompile Include="WinAPI_Report_02.cpp">
      <Filter>Report\Report_01~05</Filter>
    </ClCompile>
    <ClCompile Include="WinAPI_Report_03.cpp">
      <Filter>Report\Report_01~05</Filter>
    </ClCompile>
    <ClCompile Include="WinAPI_Report_04.cpp">
      <Filter>Report\Report_01~05</Filter>
    </ClCompile>
    <ClCompile Include="WinAPI_Report_05.cpp">
      <Filter>Report\Report_01~05</Filter>
    </ClCompile>
    <ClCompile Include="WinAPITimeAttack.cpp">
      <Filter>Report\Report_01~05</Filter>
    </ClCompile>
    <ClCompile Include="Report_Mole_Image.cpp">
      <Filter>Report\Report_14 %28두더지 게임 - 이미지%29</Filter>
    </ClCompile>
    <ClCompile Include="Report_Analog_Clock.cpp">
      <Filter>Report\Report_15 %28삼각함수%29</Filter>
    </ClCompile>
    <ClCompile Include="Report_Shell_Fire.cpp">
      <Filter>Report\Report_15 %28삼각함수%29</Filter>
    </ClCompile>
    <ClCompile Include="Report_Bullet_Gravity.cpp">
      <Filter>Report\Report_15 %28삼각함수%29</Filter>
    </ClCompile>
    <ClCompile Include="GImage.cpp">
      <Filter>2D FrameWork\GImage</Filter>
    </ClCompile>
    <ClCompile Include="Report_Slice_Game.cpp">
      <Filter>Report\Report_16 %28알파 블렌딩%29</Filter>
    </ClCompile>
    <ClCompile Include="Report_Mini_Map.cpp">
      <Filter>Report\Report_16 %28알파 블렌딩%29</Filter>
    </ClCompile>
    <ClCompile Include="Stdafx.cpp">
      <Filter>2D FrameWork\PCH</Filter>
    </ClCompile>
    <ClCompile Include="Report_Worm_Game.cpp">
      <Filter>Report\Report_16 %28알파 블렌딩%29</Filter>
    </ClCompile>
    <ClCompile Include="Report_Attack_Combo.cpp">
      <Filter>Report\Report_17 %28프레임 이미지%29</Filter>
    </ClCompile>
    <ClCompile Include="Report_Motion_Animation.cpp">
      <Filter>Report\Report_17 %28프레임 이미지%29</Filter>
    </ClCompile>
    <ClCompile Include="Report_Wall_Catch.cpp">
      <Filter>Report\Report_18 %28캐릭터 벽잡기%29</Filter>
    </ClCompile>
    <ClCompile Include="TitleScene.cpp">
      <Filter>2D FrameWork\Scene</Filter>
    </ClCompile>
    <ClCompile Include="Report_Racing_Game.cpp">
      <Filter>Report\Report_19 %28레이싱 게임%29</Filter>
    </ClCompile>
    <ClCompile Include="Report_Black_Hole.cpp">
      <Filter>Report\Report_20 %28블랙홀%29</Filter>
    </ClCompile>
    <ClCompile Include="Example_Bullet.cpp">
      <Filter>2D FrameWork\StudyExample\총알발사</Filter>
    </ClCompile>
    <ClCompile Include="Example_Mole.cpp">
      <Filter>2D FrameWork\StudyExample\두더지 잡기</Filter>
    </ClCompile>
    <ClCompile Include="Example_Math.cpp">
      <Filter>2D FrameWork\StudyExample\삼각함수</Filter>
    </ClCompile>
    <ClCompile Include="Example_Image.cpp">
      <Filter>2D FrameWork\StudyExample\이미지 출력</Filter>
    </ClCompile>
    <ClCompile Include="Example_FrameImage.cpp">
      <Filter>2D FrameWork\StudyExample\프레임 이미지</Filter>
    </ClCompile>
    <ClCompile Include="Example_Cliping.cpp">
      <Filter>2D FrameWork\StudyExample\클리핑 이미지</Filter>
    </ClCompile>
    <ClCompile Include="Example_Loop_Render.cpp">
      <Filter>2D FrameWork\StudyExample\루프 이미지</Filter>
    </ClCompile>
    <ClCompile Include="SecondScene.cpp">
      <Filter>2D FrameWork\StudyExample\씬 전환</Filter>
    </ClCompile>
    <ClCompile Include="StartScene.cpp">
      <Filter>2D FrameWork\StudyExample\씬 전환</Filter>
    </ClCompile>
    <ClCompile Include="Report_Attack_Defense.cpp">
      <Filter>Report\Report_21 %28공격 및 방어%29</Filter>
    </ClCompile>
    <ClCompile Include="ImageManager.cpp">
      <Filter>2D FrameWork\FrameWorkManager\ImageManager</Filter>
    </ClCompile>
    <ClCompile Include="FontManager.cpp">
      <Filter>2D FrameWork\FrameWorkManager\FontManager</Filter>
    </ClCompile>
    <ClCompile Include="SceneManager.cpp">
      <Filter>2D FrameWork\FrameWorkManager\SceneManager</Filter>
    </ClCompile>
    <ClCompile Include="TempSoundManager.cpp">
      <Filter>2D FrameWork\FrameWorkManager\TempSoundManager</Filter>
    </ClCompile>
    <ClCompile Include="Example_TempSound.cpp">
      <Filter>2D FrameWork\StudyExample\사운드 출력</Filter>
    </ClCompile>
    <ClCompile Include="Flame.cpp">
      <Filter>2D FrameWork\StudyExample\슈팅게임</Filter>
    </ClCompile>
    <ClCompile Include="Report_3D_Matrix.cpp">
      <Filter>Report\Report_22 %283D Matrix%29</Filter>
    </ClCompile>
    <ClCompile Include="Rocket.cpp">
      <Filter>2D FrameWork\StudyExample\슈팅게임\Player</Filter>
    </ClCompile>
    <ClCompile Include="Utils.cpp">
      <Filter>2D FrameWork\Utility</Filter>
    </ClCompile>
    <ClCompile Include="Example_Shooting_Game.cpp">
      <Filter>2D FrameWork\StudyExample\슈팅게임</Filter>
    </ClCompile>
    <ClCompile Include="Report_TileMap.cpp">
      <Filter>Report\Report_23 %28타일맵%29</Filter>
    </ClCompile>
    <ClCompile Include="KeyManager.cpp">
      <Filter>2D FrameWork\FrameWorkManager\KeyManager</Filter>
    </ClCompile>
    <ClCompile Include="Enemy.cpp">
      <Filter>2D FrameWork\StudyExample\슈팅게임\Enemy</Filter>
    </ClCompile>
    <ClCompile Include="EnemyManager.cpp">
      <Filter>2D FrameWork\StudyExample\슈팅게임\Enemy</Filter>
    </ClCompile>
    <ClCompile Include="Bullets.cpp">
      <Filter>2D FrameWork\StudyExample\슈팅게임\Bullets</Filter>
    </ClCompile>
    <ClCompile Include="Circle_Minion.cpp">
      <Filter>2D FrameWork\StudyExample\슈팅게임\Enemy</Filter>
    </ClCompile>
    <ClCompile Include="Curve_Minion.cpp">
      <Filter>2D FrameWork\StudyExample\슈팅게임\Enemy</Filter>
    </ClCompile>
    <ClCompile Include="Crush_Minion.cpp">
      <Filter>2D FrameWork\StudyExample\슈팅게임\Enemy</Filter>
    </ClCompile>
    <ClCompile Include="ShotMissile.cpp">
      <Filter>2D FrameWork\StudyExample\슈팅게임\Bullets</Filter>
    </ClCompile>
    <ClCompile Include="MiniRocket.cpp">
      <Filter>2D FrameWork\StudyExample\슈팅게임\Bullets</Filter>
    </ClCompile>
    <ClCompile Include="TimeManager.cpp">
      <Filter>2D FrameWork\FrameWorkManager\TimeManager</Filter>
    </ClCompile>
    <ClCompile Include="Timer.cpp">
      <Filter>2D FrameWork\FrameWorkManager\TimeManager</Filter>
    </ClCompile>
    <ClCompile Include="Collision.cpp">
      <Filter>2D FrameWork\StudyExample\슈팅게임</Filter>
    </ClCompile>
    <ClCompile Include="Example_Tengai.cpp">
      <Filter>2D FrameWork\StudyExample\텐가이</Filter>
    </ClCompile>
    <ClCompile Include="ProgressBar.cpp">
      <Filter>2D FrameWork\ProgressBar</Filter>
    </ClCompile>
    <ClCompile Include="Example_Animation.cpp">
      <Filter>2D FrameWork\StudyExample\애니메이션</Filter>
    </ClCompile>
    <ClCompile Include="Animation.cpp">
      <Filter>2D FrameWork\Animation</Filter>
    </ClCompile>
    <ClCompile Include="Scene.cpp">
      <Filter>2D FrameWork\FrameWorkManager\SceneManager</Filter>
    </ClCompile>
    <ClCompile Include="Button.cpp">
      <Filter>2D FrameWork\Button</Filter>
    </ClCompile>
    <ClCompile Include="Example_INIData.cpp">
      <Filter>2D FrameWork\StudyExample\INI 데이터</Filter>
    </ClCompile>
    <ClCompile Include="SoundManager.cpp">
      <Filter>2D FrameWork\FrameWorkManager\SoundManager</Filter>
    </ClCompile>
    <ClCompile Include="INIData.cpp">
      <Filter>2D FrameWork\Data\INI</Filter>
    </ClCompile>
    <ClCompile Include="JsonSaveLoader.cpp">
      <Filter>2D FrameWork\Data\Json</Filter>
    </ClCompile>
  </ItemGroup>
  <ItemGroup>
    <ResourceCompile Include="WinAPI.rc" />
  </ItemGroup>
  <ItemGroup>
    <Text Include="Question.txt">
      <Filter>CodingInterview</Filter>
    </Text>
  </ItemGroup>
  <ItemGroup>
    <None Include="Quest.json">
      <Filter>2D FrameWork\Data\Json\Schema</Filter>
    </None>
    <None Include="Character.json">
      <Filter>2D FrameWork\Data\Json\Schema</Filter>
    </None>
  </ItemGroup>
</Project>